# @generated - this file is auto-generated by `mise lock` https://mise.jdx.dev/dev-tools/mise-lock.html

lockfile_version = 3

[[tools.gh]]
version = "2.102.0"
backend = "aqua:cli/cli"
specifiers = ["2.102.0"]

[tools.gh."platforms.linux-arm64"]
checksum = "sha256:7862c86c72f43df3a2d93ddde6f473285b4e2af61b494849846827e513ef6484"
url = "https://github.com/cli/cli/releases/download/v2.102.0/gh_2.102.0_linux_arm64.tar.gz"
url_api = "https://api.github.com/repos/cli/cli/releases/assets/599854680"
provenance = "github-attestations"

[tools.gh."platforms.linux-x64"]
checksum = "sha256:bb766f710eef8ede859c18578c72c327597cd4c8a85b06001b1f3843c6019386"
url = "https://github.com/cli/cli/releases/download/v2.102.0/gh_2.102.0_linux_amd64.tar.gz"
url_api = "https://api.github.com/repos/cli/cli/releases/assets/599854672"
provenance = "github-attestations"

[tools.gh."platforms.macos-arm64"]
checksum = "sha256:da922c20d1792e5b2cbf375593d7a658acf034c12c84e007e71c76ef959c337e"
url = "https://github.com/cli/cli/releases/download/v2.102.0/gh_2.102.0_macOS_arm64.zip"
url_api = "https://api.github.com/repos/cli/cli/releases/assets/599854720"
provenance = "github-attestations"

[tools.gh."platforms.macos-x64"]
checksum = "sha256:b245f24eb2bf5f75b426b4c26da3651a107f8d5b6f4fddfbfccc5679041378b3"
url = "https://github.com/cli/cli/releases/download/v2.102.0/gh_2.102.0_macOS_amd64.zip"
url_api = "https://api.github.com/repos/cli/cli/releases/assets/599854716"
provenance = "github-attestations"

[[tools.go]]
version = "1.27.2"
backend = "core:go"
specifiers = ["1.27.2"]

[tools.go."platforms.linux-arm64"]
checksum = "sha256:94f3e30b8e374bc285e7dadc11e0865726b9bc6e85b841ccceaabc0214c6b7c8"
url = "https://dl.google.com/go/go1.27.2.linux-arm64.tar.gz"

[tools.go."platforms.linux-x64"]
checksum = "sha256:ecbadb99091a3f46e31f5f934b068b1864eafa7995211b39eaddf76996045fe5"
url = "https://dl.google.com/go/go1.27.2.linux-amd64.tar.gz"

[tools.go."platforms.macos-arm64"]
checksum = "sha256:76812b213b1b2302c978d28fa52fa92d541704b9e7d9d5db8002c50e4018c4c5"
url = "https://dl.google.com/go/go1.27.2.darwin-arm64.tar.gz"

[tools.go."platforms.macos-x64"]
checksum = "sha256:587b59182488b23aa6e5fc25110405a3e0e5b38ed2f5b2f46ed13c32aee356fe"
url = "https://dl.google.com/go/go1.27.2.darwin-amd64.tar.gz"

[[tools."go:golang.org/x/vuln/cmd/govulncheck"]]
version = "1.8.0"
backend = "go:golang.org/x/vuln/cmd/govulncheck"
specifiers = ["1.8.0"]

[[tools.golangci-lint]]
version = "2.14.0"
backend = "aqua:golangci/golangci-lint"
specifiers = ["2.14.0"]

[tools.golangci-lint."platforms.linux-arm64"]
checksum = "sha256:ee7ec5f3453d15ddf106fae5a4d6c71737712348a979d1fe9cd52ec7ea299bae"
url = "https://github.com/golangci/golangci-lint/releases/download/v2.14.0/golangci-lint-2.14.0-linux-arm64.tar.gz"
url_api = "https://api.github.com/repos/golangci/golangci-lint/releases/assets/585813674"
provenance = "github-attestations"

[tools.golangci-lint."platforms.linux-x64"]
checksum = "sha256:ab90aeb7b066f92a33415b638a50fe5344bbb75a0d32ad30cc248d88f81032ab"
url = "https://github.com/golangci/golangci-lint/releases/download/v2.14.0/golangci-lint-2.14.0-linux-amd64.tar.gz"
url_api = "https://api.github.com/repos/golangci/golangci-lint/releases/assets/585813815"
provenance = "github-attestations"

[tools.golangci-lint."platforms.macos-arm64"]
checksum = "sha256:5ef5f36a7147e91dc58ef9ef4d11bb7bad5ead0c76eb6c01327a73c641d1dcc3"
url = "https://github.com/golangci/golangci-lint/releases/download/v2.14.0/golangci-lint-2.14.0-darwin-arm64.tar.gz"
url_api = "https://api.github.com/repos/golangci/golangci-lint/releases/assets/585813591"
provenance = "github-attestations"

[tools.golangci-lint."platforms.macos-x64"]
checksum = "sha256:a5667c1c3536be1740133213e1e822bfb8f0d98ea12903174d6d5f635e4ed68d"
url = "https://github.com/golangci/golangci-lint/releases/download/v2.14.0/golangci-lint-2.14.0-darwin-amd64.tar.gz"
url_api = "https://api.github.com/repos/golangci/golangci-lint/releases/assets/585813755"
provenance = "github-attestations"
